Microsoft Visual Studio Solution File, Format Version 12.00
# Visual Studio 15
VisualStudioVersion = 15.0.26403.0
MinimumVisualStudioVersion = 10.0.40219.1
Project("{FAE04EC0-301F-11D3-BF4B-00C04F79EFBC}") = "DotVVM.Benchmarks", "DotVVM.Benchmarks\DotVVM.Benchmarks.csproj", "{E51125FE-74EC-4E55-A656-7562C996DCC4}"
EndProject
Project("{2150E333-8FDC-42A3-9474-1A3956D46DE8}") = "DotVVM", "DotVVM", "{83B45528-BE03-4EAA-8778-BF9837A9016F}"
EndProject
Project("{2150E333-8FDC-42A3-9474-1A3956D46DE8}") = "Tests", "Tests", "{B760209E-57D7-4AEF-A726-69F73BBE52C0}"
EndProject
Project("{2150E333-8FDC-42A3-9474-1A3956D46DE8}") = "Samples", "Samples", "{13011738-A4B3-47B0-9E50-C0323EB19F76}"
EndProject
