Microsoft Visual Studio Solution File, Format Version 12.00
# Visual Studio Version 16
VisualStudioVersion = 16.0.30204.135
MinimumVisualStudioVersion = 10.0.40219.1
Project("{9A19103F-16F7-4668-BE54-9A1E7A4F7556}") = "DotVVM.Benchmarks", "DotVVM.Benchmarks\DotVVM.Benchmarks.csproj", "{E51125FE-74EC-4E55-A656-7562C996DCC4}"
EndProject
Project("{2150E333-8FDC-42A3-9474-1A3956D46DE8}") = "DotVVM", "DotVVM", "{83B45528-BE03-4EAA-8778-BF9837A9016F}"
EndProject
Project("{2150E333-8FDC-42A3-9474-1A3956D46DE8}") = "Tests", "Tests", "{6352C683-62E6-446F-8001-1AD9B6E1FDA7}"
EndProject
Project("{2150E333-8FDC-42A3-9474-1A3956D46DE8}") = "Samples", "Samples", "{841F983D-CD56-44D9-BD63-1979751E3AEC}"
EndProject
Project("{2150E333-8FDC-42A3-9474-1A3956D46DE8}") = "Solution Items", "Solution Items", "{2A88CAC6-514C-4962-8904-976F879B3E9D}"
	ProjectSection(SolutionItems) = preProject
		dotvvm\src\Local.testsettings = dotvvm\src\Local.testsettings
		dotvvm\README.md = dotvvm\README.md
	EndProjectSection
EndProject
Project("{9A19103F-16F7-4668-BE54-9A1E7A4F7556}") = "DotVVM.Framework", "dotvvm\src\DotVVM.Framework\DotVVM.Framework.csproj", "{8BB2217D-0F2D-49D1-97BC-3654ED321F3B}"
EndProject
Project("{9A19103F-16F7-4668-BE54-9A1E7A4F7556}") = "DotVVM.Core", "dotvvm\src\DotVVM.Core\DotVVM.Core.csproj", "{45FA2F43-D92B-4A9B-9B93-9AB519AD0127}"
EndProject
Project("{9A19103F-16F7-4668-BE54-9A1E7A4F7556}") = "DotVVM.Samples.Common", "dotvvm\src\DotVVM.Samples.Common\DotVVM.Samples.Common.csproj", "{60CCCC83-BA9F-4DF0-A759-5E46C3D4DAB0}"
EndProject
Project("{9A19103F-16F7-4668-BE54-9A1E7A4F7556}") = "DotVVM.Samples.BasicSamples.AspNetCore", "dotvvm\src\DotVVM.Samples.BasicSamples.AspNetCore\DotVVM.Samples.BasicSamples.AspNetCore.csproj", "{E8AC4B04-1064-4AFD-8CE6-2387AC7FE856}"
EndProject
Project("{9A19103F-16F7-4668-BE54-9A1E7A4F7556}") = "DotVVM.Framework.Hosting.AspNetCore", "dotvvm\src\DotVVM.Framework.Hosting.AspNetCore\DotVVM.Framework.Hosting.AspNetCore.csproj", "{C5AF6A0D-5416-44D4-B14D-8FFDD1B0E99B}"
EndProject
Project("{9A19103F-16F7-4668-BE54-9A1E7A4F7556}") = "DotVVM.Samples.Tests", "dotvvm\src\DotVVM.Samples.Tests\DotVVM.Samples.Tests.csproj", "{96C99BC7-A588-4F75-972D-76C23C8AD6C2}"
EndProject
Project("{9A19103F-16F7-4668-BE54-9A1E7A4F7556}") = "DotVVM.Framework.PerfTests", "dotvvm\src\DotVVM.Framework.PerfTests\DotVVM.Framework.PerfTests.csproj", "{7FEC151D-6B54-4B6B-921E-590B9E11D650}"
EndProject
Project("{9A19103F-16F7-4668-BE54-9A1E7A4F7556}") = "DotVVM.Framework.Testing.SeleniumHelpers", "dotvvm\src\DotVVM.Framework.Testing.SeleniumHelpers\DotVVM.Framework.Testing.SeleniumHelpers.csproj", "{0F9076E3-72DE-4D1D-83DE-5A828B71DB58}"
EndProject
Project("{9A19103F-16F7-4668-BE54-9A1E7A4F7556}") = "DotVVM.Framework.Tests.Common", "dotvvm\src\DotVVM.Framework.Tests.Common\DotVVM.Framework.Tests.Common.csproj", "{336EC89B-A12B-4519-B66A-0A0C2F6BBA41}"
EndProject
Project("{2150E333-8FDC-42A3-9474-1A3956D46DE8}") = "Tools", "Tools", "{85FD5610-F03A-4BB7-806E-5EE790042331}"
EndProject
Project("{2150E333-8FDC-42A3-9474-1A3956D46DE8}") = "Build", "Build", "{F97F43DF-3EDE-4DD5-8EAC-B6EA318620E4}"
EndProject
Project("{9A19103F-16F7-4668-BE54-9A1E7A4F7556}") = "EmbeddedResourceControls", "dotvvm\src\EmbeddedResourceControls\EmbeddedResourceControls.csproj", "{30F1EDFC-C04E-4841-AB23-6ED7E7511ED2}"
EndProject
Project("{9A19103F-16F7-4668-BE54-9A1E7A4F7556}") = "DotVVM.Testing.Abstractions", "dotvvm\src\DotVVM.Testing.Abstractions\DotVVM.Testing.Abstractions.csproj", "{333FCE70-C15F-4F9F-9BF9-1087F8B43A2B}"
EndProject
Project("{9A19103F-16F7-4668-BE54-9A1E7A4F7556}") = "DotVVM.Samples.BasicSamples.Api.Common", "dotvvm\src\DotVVM.Samples.BasicSamples.Api.Common\DotVVM.Samples.BasicSamples.Api.Common.csproj", "{B53B5582-C0F4-4880-9368-641A6EF88E0D}"
EndProject
Global
	GlobalSection(SolutionConfigurationPlatforms) = preSolution
		Debug|Any CPU = Debug|Any CPU
		Debug|x64 = Debug|x64
		Debug|x86 = Debug|x86
		Release|Any CPU = Release|Any CPU
		Release|x64 = Release|x64
		Release|x86 = Release|x86
	EndGlobalSection
	GlobalSection(ProjectConfigurationPlatforms) = postSolution
		{E51125FE-74EC-4E55-A656-7562C996DCC4}.Debug|Any CPU.ActiveCfg = Debug|Any CPU
		{E51125FE-74EC-4E55-A656-7562C996DCC4}.Debug|Any CPU.Build.0 = Debug|Any CPU
		{E51125FE-74EC-4E55-A656-7562C996DCC4}.Debug|x64.ActiveCfg = Debug|Any CPU
		{E51125FE-74EC-4E55-A656-7562C996DCC4}.Debug|x64.Build.0 = Debug|Any CPU
		{E51125FE-74EC-4E55-A656-7562C996DCC4}.Debug|x86.ActiveCfg = Debug|Any CPU
		{E51125FE-74EC-4E55-A656-7562C996DCC4}.Debug|x86.Build.0 = Debug|Any CPU
		{E51125FE-74EC-4E55-A656-7562C996DCC4}.Release|Any CPU.ActiveCfg = Release|Any CPU
		{E51125FE-74EC-4E55-A656-7562C996DCC4}.Release|Any CPU.Build.0 = Release|Any CPU
		{E51125FE-74EC-4E55-A656-7562C996DCC4}.Release|x64.ActiveCfg = Release|Any CPU
		{E51125FE-74EC-4E55-A656-7562C996DCC4}.Release|x64.Build.0 = Release|Any CPU
		{E51125FE-74EC-4E55-A656-7562C996DCC4}.Release|x86.ActiveCfg = Release|Any CPU
		{E51125FE-74EC-4E55-A656-7562C996DCC4}.Release|x86.Build.0 = Release|Any CPU
		{8BB2217D-0F2D-49D1-97BC-3654ED321F3B}.Debug|Any CPU.ActiveCfg = Debug|Any CPU
		{8BB2217D-0F2D-49D1-97BC-3654ED321F3B}.Debug|Any CPU.Build.0 = Debug|Any CPU
		{8BB2217D-0F2D-49D1-97BC-3654ED321F3B}.Debug|x64.ActiveCfg = Release|Any CPU
		{8BB2217D-0F2D-49D1-97BC-3654ED321F3B}.Debug|x64.Build.0 = Release|Any CPU
		{8BB2217D-0F2D-49D1-97BC-3654ED321F3B}.Debug|x86.ActiveCfg = Release|Any CPU
		{8BB2217D-0F2D-49D1-97BC-3654ED321F3B}.Debug|x86.Build.0 = Release|Any CPU
		{8BB2217D-0F2D-49D1-97BC-3654ED321F3B}.Release|Any CPU.ActiveCfg = Release|Any CPU
		{8BB2217D-0F2D-49D1-97BC-3654ED321F3B}.Release|Any CPU.Build.0 = Release|Any CPU
		{8BB2217D-0F2D-49D1-97BC-3654ED321F3B}.Release|x64.ActiveCfg = Release|Any CPU
		{8BB2217D-0F2D-49D1-97BC-3654ED321F3B}.Release|x64.Build.0 = Release|Any CPU
		{8BB2217D-0F2D-49D1-97BC-3654ED321F3B}.Release|x86.ActiveCfg = Release|Any CPU
		{8BB2217D-0F2D-49D1-97BC-3654ED321F3B}.Release|x86.Build.0 = Release|Any CPU
		{45FA2F43-D92B-4A9B-9B93-9AB519AD0127}.Debug|Any CPU.ActiveCfg = Debug|Any CPU
		{45FA2F43-D92B-4A9B-9B93-9AB519AD0127}.Debug|Any CPU.Build.0 = Debug|Any CPU
		{45FA2F43-D92B-4A9B-9B93-9AB519AD0127}.Debug|x64.ActiveCfg = Release|Any CPU
		{45FA2F43-D92B-4A9B-9B93-9AB519AD0127}.Debug|x64.Build.0 = Release|Any CPU
		{45FA2F43-D92B-4A9B-9B93-9AB519AD0127}.Debug|x86.ActiveCfg = Release|Any CPU
		{45FA2F43-D92B-4A9B-9B93-9AB519AD0127}.Debug|x86.Build.0 = Release|Any CPU
		{45FA2F43-D92B-4A9B-9B93-9AB519AD0127}.Release|Any CPU.ActiveCfg = Release|Any CPU
		{45FA2F43-D92B-4A9B-9B93-9AB519AD0127}.Release|Any CPU.Build.0 = Release|Any CPU
		{45FA2F43-D92B-4A9B-9B93-9AB519AD0127}.Release|x64.ActiveCfg = Release|Any CPU
		{45FA2F43-D92B-4A9B-9B93-9AB519AD0127}.Release|x64.Build.0 = Release|Any CPU
		{45FA2F43-D92B-4A9B-9B93-9AB519AD0127}.Release|x86.ActiveCfg = Release|Any CPU
		{45FA2F43-D92B-4A9B-9B93-9AB519AD0127}.Release|x86.Build.0 = Release|Any CPU
		{60CCCC83-BA9F-4DF0-A759-5E46C3D4DAB0}.Debug|Any CPU.ActiveCfg = Debug|Any CPU
		{60CCCC83-BA9F-4DF0-A759-5E46C3D4DAB0}.Debug|Any CPU.Build.0 = Debug|Any CPU
		{60CCCC83-BA9F-4DF0-A759-5E46C3D4DAB0}.Debug|x64.ActiveCfg = Debug|Any CPU
		{60CCCC83-BA9F-4DF0-A759-5E46C3D4DAB0}.Debug|x64.Build.0 = Debug|Any CPU
		{60CCCC83-BA9F-4DF0-A759-5E46C3D4DAB0}.Debug|x86.ActiveCfg = Debug|Any CPU
		{60CCCC83-BA9F-4DF0-A759-5E46C3D4DAB0}.Debug|x86.Build.0 = Debug|Any CPU
		{60CCCC83-BA9F-4DF0-A759-5E46C3D4DAB0}.Release|Any CPU.ActiveCfg = Release|Any CPU
		{60CCCC83-BA9F-4DF0-A759-5E46C3D4DAB0}.Release|Any CPU.Build.0 = Release|Any CPU
		{60CCCC83-BA9F-4DF0-A759-5E46C3D4DAB0}.Release|x64.ActiveCfg = Debug|Any CPU
		{60CCCC83-BA9F-4DF0-A759-5E46C3D4DAB0}.Release|x64.Build.0 = Debug|Any CPU
		{60CCCC83-BA9F-4DF0-A759-5E46C3D4DAB0}.Release|x86.ActiveCfg = Debug|Any CPU
		{60CCCC83-BA9F-4DF0-A759-5E46C3D4DAB0}.Release|x86.Build.0 = Debug|Any CPU
		{E8AC4B04-1064-4AFD-8CE6-2387AC7FE856}.Debug|Any CPU.ActiveCfg = Debug|Any CPU
		{E8AC4B04-1064-4AFD-8CE6-2387AC7FE856}.Debug|Any CPU.Build.0 = Debug|Any CPU
		{E8AC4B04-1064-4AFD-8CE6-2387AC7FE856}.Debug|x64.ActiveCfg = Release|Any CPU
		{E8AC4B04-1064-4AFD-8CE6-2387AC7FE856}.Debug|x64.Build.0 = Release|Any CPU
		{E8AC4B04-1064-4AFD-8CE6-2387AC7FE856}.Debug|x86.ActiveCfg = Release|Any CPU
		{E8AC4B04-1064-4AFD-8CE6-2387AC7FE856}.Debug|x86.Build.0 = Release|Any CPU
		{E8AC4B04-1064-4AFD-8CE6-2387AC7FE856}.Release|Any CPU.ActiveCfg = Release|Any CPU
		{E8AC4B04-1064-4AFD-8CE6-2387AC7FE856}.Release|Any CPU.Build.0 = Release|Any CPU
		{E8AC4B04-1064-4AFD-8CE6-2387AC7FE856}.Release|x64.ActiveCfg = Release|Any CPU
		{E8AC4B04-1064-4AFD-8CE6-2387AC7FE856}.Release|x64.Build.0 = Release|Any CPU
		{E8AC4B04-1064-4AFD-8CE6-2387AC7FE856}.Release|x86.ActiveCfg = Release|Any CPU
		{E8AC4B04-1064-4AFD-8CE6-2387AC7FE856}.Release|x86.Build.0 = Release|Any CPU
		{C5AF6A0D-5416-44D4-B14D-8FFDD1B0E99B}.Debug|Any CPU.ActiveCfg = Debug|Any CPU
		{C5AF6A0D-5416-44D4-B14D-8FFDD1B0E99B}.Debug|Any CPU.Build.0 = Debug|Any CPU
		{C5AF6A0D-5416-44D4-B14D-8FFDD1B0E99B}.Debug|x64.ActiveCfg = Debug|Any CPU
		{C5AF6A0D-5416-44D4-B14D-8FFDD1B0E99B}.Debug|x64.Build.0 = Debug|Any CPU
		{C5AF6A0D-5416-44D4-B14D-8FFDD1B0E99B}.Debug|x86.ActiveCfg = Debug|Any CPU
		{C5AF6A0D-5416-44D4-B14D-8FFDD1B0E99B}.Debug|x86.Build.0 = Debug|Any CPU
		{C5AF6A0D-5416-44D4-B14D-8FFDD1B0E99B}.Release|Any CPU.ActiveCfg = Release|Any CPU
		{C5AF6A0D-5416-44D4-B14D-8FFDD1B0E99B}.Release|Any CPU.Build.0 = Release|Any CPU
		{C5AF6A0D-5416-44D4-B14D-8FFDD1B0E99B}.Release|x64.ActiveCfg = Debug|Any CPU
		{C5AF6A0D-5416-44D4-B14D-8FFDD1B0E99B}.Release|x64.Build.0 = Debug|Any CPU
		{C5AF6A0D-5416-44D4-B14D-8FFDD1B0E99B}.Release|x86.ActiveCfg = Debug|Any CPU
		{C5AF6A0D-5416-44D4-B14D-8FFDD1B0E99B}.Release|x86.Build.0 = Debug|Any CPU
		{96C99BC7-A588-4F75-972D-76C23C8AD6C2}.Debug|Any CPU.ActiveCfg = Debug|Any CPU
		{96C99BC7-A588-4F75-972D-76C23C8AD6C2}.Debug|Any CPU.Build.0 = Debug|Any CPU
		{96C99BC7-A588-4F75-972D-76C23C8AD6C2}.Debug|x64.ActiveCfg = Debug|Any CPU
		{96C99BC7-A588-4F75-972D-76C23C8AD6C2}.Debug|x64.Build.0 = Debug|Any CPU
		{96C99BC7-A588-4F75-972D-76C23C8AD6C2}.Debug|x86.ActiveCfg = Debug|Any CPU
		{96C99BC7-A588-4F75-972D-76C23C8AD6C2}.Debug|x86.Build.0 = Debug|Any CPU
		{96C99BC7-A588-4F75-972D-76C23C8AD6C2}.Release|Any CPU.ActiveCfg = Release|Any CPU
		{96C99BC7-A588-4F75-972D-76C23C8AD6C2}.Release|Any CPU.Build.0 = Release|Any CPU
		{96C99BC7-A588-4F75-972D-76C23C8AD6C2}.Release|x64.ActiveCfg = Release|Any CPU
		{96C99BC7-A588-4F75-972D-76C23C8AD6C2}.Release|x64.Build.0 = Release|Any CPU
		{96C99BC7-A588-4F75-972D-76C23C8AD6C2}.Release|x86.ActiveCfg = Release|Any CPU
		{96C99BC7-A588-4F75-972D-76C23C8AD6C2}.Release|x86.Build.0 = Release|Any CPU
		{7FEC151D-6B54-4B6B-921E-590B9E11D650}.Debug|Any CPU.ActiveCfg = Debug|Any CPU
		{7FEC151D-6B54-4B6B-921E-590B9E11D650}.Debug|Any CPU.Build.0 = Debug|Any CPU
		{7FEC151D-6B54-4B6B-921E-590B9E11D650}.Debug|x64.ActiveCfg = Debug|Any CPU
		{7FEC151D-6B54-4B6B-921E-590B9E11D650}.Debug|x64.Build.0 = Debug|Any CPU
		{7FEC151D-6B54-4B6B-921E-590B9E11D650}.Debug|x86.ActiveCfg = Debug|Any CPU
		{7FEC151D-6B54-4B6B-921E-590B9E11D650}.Debug|x86.Build.0 = Debug|Any CPU
		{7FEC151D-6B54-4B6B-921E-590B9E11D650}.Release|Any CPU.ActiveCfg = Release|Any CPU
		{7FEC151D-6B54-4B6B-921E-590B9E11D650}.Release|Any CPU.Build.0 = Release|Any CPU
		{7FEC151D-6B54-4B6B-921E-590B9E11D650}.Release|x64.ActiveCfg = Release|Any CPU
		{7FEC151D-6B54-4B6B-921E-590B9E11D650}.Release|x64.Build.0 = Release|Any CPU
		{7FEC151D-6B54-4B6B-921E-590B9E11D650}.Release|x86.ActiveCfg = Release|Any CPU
		{7FEC151D-6B54-4B6B-921E-590B9E11D650}.Release|x86.Build.0 = Release|Any CPU
		{0F9076E3-72DE-4D1D-83DE-5A828B71DB58}.Debug|Any CPU.ActiveCfg = Debug|Any CPU
		{0F9076E3-72DE-4D1D-83DE-5A828B71DB58}.Debug|Any CPU.Build.0 = Debug|Any CPU
		{0F9076E3-72DE-4D1D-83DE-5A828B71DB58}.Debug|x64.ActiveCfg = Debug|Any CPU
		{0F9076E3-72DE-4D1D-83DE-5A828B71DB58}.Debug|x64.Build.0 = Debug|Any CPU
		{0F9076E3-72DE-4D1D-83DE-5A828B71DB58}.Debug|x86.ActiveCfg = Debug|Any CPU
		{0F9076E3-72DE-4D1D-83DE-5A828B71DB58}.Debug|x86.Build.0 = Debug|Any CPU
		{0F9076E3-72DE-4D1D-83DE-5A828B71DB58}.Release|Any CPU.ActiveCfg = Release|Any CPU
		{0F9076E3-72DE-4D1D-83DE-5A828B71DB58}.Release|Any CPU.Build.0 = Release|Any CPU
		{0F9076E3-72DE-4D1D-83DE-5A828B71DB58}.Release|x64.ActiveCfg = Release|Any CPU
		{0F9076E3-72DE-4D1D-83DE-5A828B71DB58}.Release|x64.Build.0 = Release|Any CPU
		{0F9076E3-72DE-4D1D-83DE-5A828B71DB58}.Release|x86.ActiveCfg = Release|Any CPU
		{0F9076E3-72DE-4D1D-83DE-5A828B71DB58}.Release|x86.Build.0 = Release|Any CPU
		{336EC89B-A12B-4519-B66A-0A0C2F6BBA41}.Debug|Any CPU.ActiveCfg = Debug|Any CPU
		{336EC89B-A12B-4519-B66A-0A0C2F6BBA41}.Debug|Any CPU.Build.0 = Debug|Any CPU
		{336EC89B-A12B-4519-B66A-0A0C2F6BBA41}.Debug|x64.ActiveCfg = Debug|Any CPU
		{336EC89B-A12B-4519-B66A-0A0C2F6BBA41}.Debug|x64.Build.0 = Debug|Any CPU
		{336EC89B-A12B-4519-B66A-0A0C2F6BBA41}.Debug|x86.ActiveCfg = Debug|Any CPU
		{336EC89B-A12B-4519-B66A-0A0C2F6BBA41}.Debug|x86.Build.0 = Debug|Any CPU
		{336EC89B-A12B-4519-B66A-0A0C2F6BBA41}.Release|Any CPU.ActiveCfg = Release|Any CPU
		{336EC89B-A12B-4519-B66A-0A0C2F6BBA41}.Release|Any CPU.Build.0 = Release|Any CPU
		{336EC89B-A12B-4519-B66A-0A0C2F6BBA41}.Release|x64.ActiveCfg = Release|Any CPU
		{336EC89B-A12B-4519-B66A-0A0C2F6BBA41}.Release|x64.Build.0 = Release|Any CPU
		{336EC89B-A12B-4519-B66A-0A0C2F6BBA41}.Release|x86.ActiveCfg = Release|Any CPU
		{336EC89B-A12B-4519-B66A-0A0C2F6BBA41}.Release|x86.Build.0 = Release|Any CPU
		{30F1EDFC-C04E-4841-AB23-6ED7E7511ED2}.Debug|Any CPU.ActiveCfg = Debug|Any CPU
		{30F1EDFC-C04E-4841-AB23-6ED7E7511ED2}.Debug|Any CPU.Build.0 = Debug|Any CPU
		{30F1EDFC-C04E-4841-AB23-6ED7E7511ED2}.Debug|x64.ActiveCfg = Debug|Any CPU
		{30F1EDFC-C04E-4841-AB23-6ED7E7511ED2}.Debug|x64.Build.0 = Debug|Any CPU
		{30F1EDFC-C04E-4841-AB23-6ED7E7511ED2}.Debug|x86.ActiveCfg = Debug|Any CPU
		{30F1EDFC-C04E-4841-AB23-6ED7E7511ED2}.Debug|x86.Build.0 = Debug|Any CPU
		{30F1EDFC-C04E-4841-AB23-6ED7E7511ED2}.Release|Any CPU.ActiveCfg = Release|Any CPU
		{30F1EDFC-C04E-4841-AB23-6ED7E7511ED2}.Release|Any CPU.Build.0 = Release|Any CPU
		{30F1EDFC-C04E-4841-AB23-6ED7E7511ED2}.Release|x64.ActiveCfg = Release|Any CPU
		{30F1EDFC-C04E-4841-AB23-6ED7E7511ED2}.Release|x64.Build.0 = Release|Any CPU
		{30F1EDFC-C04E-4841-AB23-6ED7E7511ED2}.Release|x86.ActiveCfg = Release|Any CPU
		{30F1EDFC-C04E-4841-AB23-6ED7E7511ED2}.Release|x86.Build.0 = Release|Any CPU
		{333FCE70-C15F-4F9F-9BF9-1087F8B43A2B}.Debug|Any CPU.ActiveCfg = Debug|Any CPU
		{333FCE70-C15F-4F9F-9BF9-1087F8B43A2B}.Debug|Any CPU.Build.0 = Debug|Any CPU
		{333FCE70-C15F-4F9F-9BF9-1087F8B43A2B}.Debug|x64.ActiveCfg = Debug|Any CPU
		{333FCE70-C15F-4F9F-9BF9-1087F8B43A2B}.Debug|x64.Build.0 = Debug|Any CPU
		{333FCE70-C15F-4F9F-9BF9-1087F8B43A2B}.Debug|x86.ActiveCfg = Debug|Any CPU
		{333FCE70-C15F-4F9F-9BF9-1087F8B43A2B}.Debug|x86.Build.0 = Debug|Any CPU
		{333FCE70-C15F-4F9F-9BF9-1087F8B43A2B}.Release|Any CPU.ActiveCfg = Release|Any CPU
		{333FCE70-C15F-4F9F-9BF9-1087F8B43A2B}.Release|Any CPU.Build.0 = Release|Any CPU
		{333FCE70-C15F-4F9F-9BF9-1087F8B43A2B}.Release|x64.ActiveCfg = Release|Any CPU
		{333FCE70-C15F-4F9F-9BF9-1087F8B43A2B}.Release|x64.Build.0 = Release|Any CPU
		{333FCE70-C15F-4F9F-9BF9-1087F8B43A2B}.Release|x86.ActiveCfg = Release|Any CPU
		{333FCE70-C15F-4F9F-9BF9-1087F8B43A2B}.Release|x86.Build.0 = Release|Any CPU
		{B53B5582-C0F4-4880-9368-641A6EF88E0D}.Debug|Any CPU.ActiveCfg = Debug|Any CPU
		{B53B5582-C0F4-4880-9368-641A6EF88E0D}.Debug|Any CPU.Build.0 = Debug|Any CPU
		{B53B5582-C0F4-4880-9368-641A6EF88E0D}.Debug|x64.ActiveCfg = Debug|Any CPU
		{B53B5582-C0F4-4880-9368-641A6EF88E0D}.Debug|x64.Build.0 = Debug|Any CPU
		{B53B5582-C0F4-4880-9368-641A6EF88E0D}.Debug|x86.ActiveCfg = Debug|Any CPU
		{B53B5582-C0F4-4880-9368-641A6EF88E0D}.Debug|x86.Build.0 = Debug|Any CPU
		{B53B5582-C0F4-4880-9368-641A6EF88E0D}.Release|Any CPU.ActiveCfg = Release|Any CPU
		{B53B5582-C0F4-4880-9368-641A6EF88E0D}.Release|Any CPU.Build.0 = Release|Any CPU
		{B53B5582-C0F4-4880-9368-641A6EF88E0D}.Release|x64.ActiveCfg = Release|Any CPU
		{B53B5582-C0F4-4880-9368-641A6EF88E0D}.Release|x64.Build.0 = Release|Any CPU
		{B53B5582-C0F4-4880-9368-641A6EF88E0D}.Release|x86.ActiveCfg = Release|Any CPU
		{B53B5582-C0F4-4880-9368-641A6EF88E0D}.Release|x86.Build.0 = Release|Any CPU
	EndGlobalSection
	GlobalSection(SolutionProperties) = preSolution
		HideSolutionNode = FALSE
	EndGlobalSection
	GlobalSection(NestedProjects) = preSolution
		{6352C683-62E6-446F-8001-1AD9B6E1FDA7} = {83B45528-BE03-4EAA-8778-BF9837A9016F}
		{841F983D-CD56-44D9-BD63-1979751E3AEC} = {83B45528-BE03-4EAA-8778-BF9837A9016F}
		{2A88CAC6-514C-4962-8904-976F879B3E9D} = {83B45528-BE03-4EAA-8778-BF9837A9016F}
		{8BB2217D-0F2D-49D1-97BC-3654ED321F3B} = {83B45528-BE03-4EAA-8778-BF9837A9016F}
		{45FA2F43-D92B-4A9B-9B93-9AB519AD0127} = {83B45528-BE03-4EAA-8778-BF9837A9016F}
		{60CCCC83-BA9F-4DF0-A759-5E46C3D4DAB0} = {83B45528-BE03-4EAA-8778-BF9837A9016F}
		{E8AC4B04-1064-4AFD-8CE6-2387AC7FE856} = {83B45528-BE03-4EAA-8778-BF9837A9016F}
		{C5AF6A0D-5416-44D4-B14D-8FFDD1B0E99B} = {83B45528-BE03-4EAA-8778-BF9837A9016F}
		{96C99BC7-A588-4F75-972D-76C23C8AD6C2} = {83B45528-BE03-4EAA-8778-BF9837A9016F}
		{7FEC151D-6B54-4B6B-921E-590B9E11D650} = {83B45528-BE03-4EAA-8778-BF9837A9016F}
		{336EC89B-A12B-4519-B66A-0A0C2F6BBA41} = {83B45528-BE03-4EAA-8778-BF9837A9016F}
		{85FD5610-F03A-4BB7-806E-5EE790042331} = {83B45528-BE03-4EAA-8778-BF9837A9016F}
		{30F1EDFC-C04E-4841-AB23-6ED7E7511ED2} = {83B45528-BE03-4EAA-8778-BF9837A9016F}
		{333FCE70-C15F-4F9F-9BF9-1087F8B43A2B} = {83B45528-BE03-4EAA-8778-BF9837A9016F}
		{B53B5582-C0F4-4880-9368-641A6EF88E0D} = {83B45528-BE03-4EAA-8778-BF9837A9016F}
	EndGlobalSection
	GlobalSection(ExtensibilityGlobals) = postSolution
		SolutionGuid = {BFB3C7B3-25CA-4639-81D4-9FDF573B148D}
	EndGlobalSection
EndGlobal
